
Microsoft Visual Studio Solution File, Format Version 12.00
# Visual Studio Version 17
VisualStudioVersion = 17.7.34003.232
MinimumVisualStudioVersion = 10.0.40219.1
Project("{FAE04EC0-301F-11D3-BF4B-00C04F79EFBC}") = "Aplicacion", "Aplicacion\Aplicacion.csproj", "{9CB74188-8462-4230-ACAE-09C28242C226}"
EndProject
Global
	GlobalSection(SolutionConfigurationPlatforms) = preSolution
		Debug|Any CPU = Debug|Any CPU
		Release|Any CPU = Release|Any CPU
	EndGlobalSection
	GlobalSection(ProjectConfigurationPlatforms) = postSolution
		{9CB74188-8462-4230-ACAE-09C28242C226}.Debug|Any CPU.ActiveCfg = Debug|Any CPU
		{9CB74188-8462-4230-ACAE-09C28242C226}.Debug|Any CPU.Build.0 = Debug|Any CPU
		{9CB74188-8462-4230-ACAE-09C28242C226}.Release|Any CPU.ActiveCfg = Release|Any CPU
		{9CB74188-8462-4230-ACAE-09C28242C226}.Release|Any CPU.Build.0 = Release|Any CPU
	EndGlobalSection
	GlobalSection(SolutionProperties) = preSolution
		HideSolutionNode = FALSE
	EndGlobalSection
	GlobalSection(ExtensibilityGlobals) = postSolution
		SolutionGuid = {6EB1B890-6C46-4746-921C-7C4CB32C36B6}
	EndGlobalSection
EndGlobal
