
Microsoft Visual Studio Solution File, Format Version 12.00
# Visual Studio Version 17
VisualStudioVersion = 17.7.34003.232
MinimumVisualStudioVersion = 10.0.40219.1
Project("{9A19103F-16F7-4668-BE54-9A1E7A4F7556}") = "InterfazUsuario", "InterfazUsuario\InterfazUsuario.csproj", "{51A5F46C-AFAF-4A35-A728-0EDA4ACBFA47}"
EndProject
Project("{9A19103F-16F7-4668-BE54-9A1E7A4F7556}") = "Dominio", "Dominio\Dominio.csproj", "{32CD55D8-7ECE-4EC7-A949-DDFA95C25DF0}"
EndProject
Project("{9A19103F-16F7-4668-BE54-9A1E7A4F7556}") = "WebApp", "WebApp\WebApp.csproj", "{5360A2C4-F825-45B2-A04B-6B7027CAA3E2}"
EndProject
Global
	GlobalSection(SolutionConfigurationPlatforms) = preSolution
		Debug|Any CPU = Debug|Any CPU
		Release|Any CPU = Release|Any CPU
	EndGlobalSection
	GlobalSection(ProjectConfigurationPlatforms) = postSolution
		{51A5F46C-AFAF-4A35-A728-0EDA4ACBFA47}.Debug|Any CPU.ActiveCfg = Debug|Any CPU
		{51A5F46C-AFAF-4A35-A728-0EDA4ACBFA47}.Debug|Any CPU.Build.0 = Debug|Any CPU
		{51A5F46C-AFAF-4A35-A728-0EDA4ACBFA47}.Release|Any CPU.ActiveCfg = Release|Any CPU
		{32CD55D8-7ECE-4EC7-A949-DDFA95C25DF0}.Debug|Any CPU.ActiveCfg = Debug|Any CPU
		{32CD55D8-7ECE-4EC7-A949-DDFA95C25DF0}.Debug|Any CPU.Build.0 = Debug|Any CPU
		{32CD55D8-7ECE-4EC7-A949-DDFA95C25DF0}.Release|Any CPU.ActiveCfg = Release|Any CPU
		{32CD55D8-7ECE-4EC7-A949-DDFA95C25DF0}.Release|Any CPU.Build.0 = Release|Any CPU
		{5360A2C4-F825-45B2-A04B-6B7027CAA3E2}.Debug|Any CPU.ActiveCfg = Debug|Any CPU
		{5360A2C4-F825-45B2-A04B-6B7027CAA3E2}.Debug|Any CPU.Build.0 = Debug|Any CPU
		{5360A2C4-F825-45B2-A04B-6B7027CAA3E2}.Release|Any CPU.ActiveCfg = Release|Any CPU
		{5360A2C4-F825-45B2-A04B-6B7027CAA3E2}.Release|Any CPU.Build.0 = Release|Any CPU
	EndGlobalSection
	GlobalSection(SolutionProperties) = preSolution
		HideSolutionNode = FALSE
	EndGlobalSection
	GlobalSection(ExtensibilityGlobals) = postSolution
		SolutionGuid = {6EB1B890-6C46-4746-921C-7C4CB32C36B6}
	EndGlobalSection
EndGlobal
